
Microsoft Visual Studio Solution File, Format Version 12.00
# Visual Studio Version 16
VisualStudioVersion = 16.0.32106.194
MinimumVisualStudioVersion = 10.0.40219.1
Project("{FAE04EC0-301F-11D3-BF4B-00C04F79EFBC}") = "Lab2_ex.1_WinQuestion", "Lab2_ex.1_WinQuestion.csproj", "{D195D7E7-75CE-4D05-86B0-08C4E6380305}"
EndProject
Project("{FAE04EC0-301F-11D3-BF4B-00C04F79EFBC}") = "TestList", "..\TestList\TestList.csproj", "{0F307644-0D4B-41C5-B904-4EB1F355D1E3}"
EndProject
Project("{FAE04EC0-301F-11D3-BF4B-00C04F79EFBC}") = "Lab2_ex.5_WinContainer", "..\WinContainer\Lab2_ex.5_WinContainer.csproj", "{8457EA0F-0423-473D-B487-A25C3D05BC9D}"
EndProject
Project("{FAE04EC0-301F-11D3-BF4B-00C04F79EFBC}") = "Lab2_ex.7_RegistrationForm", "..\RegistrationForm\Lab2_ex.7_RegistrationForm.csproj", "{5BFEB039-FDD2-4D20-BBFC-0551370965AD}"
EndProject
Project("{FAE04EC0-301F-11D3-BF4B-00C04F79EFBC}") = "Lab2_ex.6_BiblWorm", "..\BiblWorm\Lab2_ex.6_BiblWorm.csproj", "{83E6AFE7-9169-4141-A62E-707BC5ACECEC}"
EndProject
Global
	GlobalSection(SolutionConfigurationPlatforms) = preSolution
		Debug|Any CPU = Debug|Any CPU
		Release|Any CPU = Release|Any CPU
	EndGlobalSection
	GlobalSection(ProjectConfigurationPlatforms) = postSolution
		{D195D7E7-75CE-4D05-86B0-08C4E6380305}.Debug|Any CPU.ActiveCfg = Debug|Any CPU
		{D195D7E7-75CE-4D05-86B0-08C4E6380305}.Debug|Any CPU.Build.0 = Debug|Any CPU
		{D195D7E7-75CE-4D05-86B0-08C4E6380305}.Release|Any CPU.ActiveCfg = Release|Any CPU
		{D195D7E7-75CE-4D05-86B0-08C4E6380305}.Release|Any CPU.Build.0 = Release|Any CPU
		{0F307644-0D4B-41C5-B904-4EB1F355D1E3}.Debug|Any CPU.ActiveCfg = Debug|Any CPU
		{0F307644-0D4B-41C5-B904-4EB1F355D1E3}.Debug|Any CPU.Build.0 = Debug|Any CPU
		{0F307644-0D4B-41C5-B904-4EB1F355D1E3}.Release|Any CPU.ActiveCfg = Release|Any CPU
		{0F307644-0D4B-41C5-B904-4EB1F355D1E3}.Release|Any CPU.Build.0 = Release|Any CPU
		{8457EA0F-0423-473D-B487-A25C3D05BC9D}.Debug|Any CPU.ActiveCfg = Debug|Any CPU
		{8457EA0F-0423-473D-B487-A25C3D05BC9D}.Debug|Any CPU.Build.0 = Debug|Any CPU
		{8457EA0F-0423-473D-B487-A25C3D05BC9D}.Release|Any CPU.ActiveCfg = Release|Any CPU
		{8457EA0F-0423-473D-B487-A25C3D05BC9D}.Release|Any CPU.Build.0 = Release|Any CPU
		{5BFEB039-FDD2-4D20-BBFC-0551370965AD}.Debug|Any CPU.ActiveCfg = Debug|Any CPU
		{5BFEB039-FDD2-4D20-BBFC-0551370965AD}.Debug|Any CPU.Build.0 = Debug|Any CPU
		{5BFEB039-FDD2-4D20-BBFC-0551370965AD}.Release|Any CPU.ActiveCfg = Release|Any CPU
		{5BFEB039-FDD2-4D20-BBFC-0551370965AD}.Release|Any CPU.Build.0 = Release|Any CPU
		{83E6AFE7-9169-4141-A62E-707BC5ACECEC}.Debug|Any CPU.ActiveCfg = Debug|Any CPU
		{83E6AFE7-9169-4141-A62E-707BC5ACECEC}.Debug|Any CPU.Build.0 = Debug|Any CPU
		{83E6AFE7-9169-4141-A62E-707BC5ACECEC}.Release|Any CPU.ActiveCfg = Release|Any CPU
		{83E6AFE7-9169-4141-A62E-707BC5ACECEC}.Release|Any CPU.Build.0 = Release|Any CPU
	EndGlobalSection
	GlobalSection(SolutionProperties) = preSolution
		HideSolutionNode = FALSE
	EndGlobalSection
	GlobalSection(ExtensibilityGlobals) = postSolution
		SolutionGuid = {4FD350E6-7321-4867-BCBA-EA561171BAC3}
	EndGlobalSection
EndGlobal
